
Microsoft Visual Studio Solution File, Format Version 12.00
# Visual Studio 14
VisualStudioVersion = 14.0.25420.1
MinimumVisualStudioVersion = 10.0.40219.1
Project("{FAE04EC0-301F-11D3-BF4B-00C04F79EFBC}") = "MindFire.Droid", "MindFire\MindFire.Droid\MindFire.Droid.csproj", "{7BE1A6DE-EB4C-4070-B224-9E767F21ED77}"
EndProject
Project("{FAE04EC0-301F-11D3-BF4B-00C04F79EFBC}") = "MindFire.iOS", "MindFire\MindFire.iOS\MindFire.iOS.csproj", "{2A6F98A2-DE43-498D-9630-F26C5C1881CE}"
EndProject
Project("{FAE04EC0-301F-11D3-BF4B-00C04F79EFBC}") = "MindFire", "MindFire\MindFire\MindFire.csproj", "{4775B766-6E24-4E8E-B845-C1B827E7E075}"
EndProject
Project("{2150E333-8FDC-42A3-9474-1A3956D46DE8}") = "AppWarp", "AppWarp", "{38062CFF-373E-4DF3-809B-3B3BDFB71180}"
	ProjectSection(SolutionItems) = preProject
		AppWarpMonoLibrary.dll = AppWarpMonoLibrary.dll
		App42_CSHARP_SDK_2.0.dll = App42_CSHARP_SDK_2.0.dll
	EndProjectSection
EndProject
Global
	GlobalSection(SolutionConfigurationPlatforms) = preSolution
		Debug|Any CPU = Debug|Any CPU
		Debug|iPhone = Debug|iPhone
		Debug|iPhoneSimulator = Debug|iPhoneSimulator
		Release|Any CPU = Release|Any CPU
		Release|iPhone = Release|iPhone
		Release|iPhoneSimulator = Release|iPhoneSimulator
	EndGlobalSection
	GlobalSection(ProjectConfigurationPlatforms) = postSolution
		{7BE1A6DE-EB4C-4070-B224-9E767F21ED77}.Debug|Any CPU.ActiveCfg = Debug|Any CPU
		{7BE1A6DE-EB4C-4070-B224-9E767F21ED77}.Debug|Any CPU.Build.0 = Debug|Any CPU
		{7BE1A6DE-EB4C-4070-B224-9E767F21ED77}.Debug|Any CPU.Deploy.0 = Debug|Any CPU
		{7BE1A6DE-EB4C-4070-B224-9E767F21ED77}.Debug|iPhone.ActiveCfg = Debug|Any CPU
		{7BE1A6DE-EB4C-4070-B224-9E767F21ED77}.Debug|iPhone.Build.0 = Debug|Any CPU
		{7BE1A6DE-EB4C-4070-B224-9E767F21ED77}.Debug|iPhone.Deploy.0 = Debug|Any CPU
		{7BE1A6DE-EB4C-4070-B224-9E767F21ED77}.Debug|iPhoneSimulator.ActiveCfg = Debug|Any CPU
		{7BE1A6DE-EB4C-4070-B224-9E767F21ED77}.Debug|iPhoneSimulator.Build.0 = Debug|Any CPU
		{7BE1A6DE-EB4C-4070-B224-9E767F21ED77}.Debug|iPhoneSimulator.Deploy.0 = Debug|Any CPU
		{7BE1A6DE-EB4C-4070-B224-9E767F21ED77}.Release|Any CPU.ActiveCfg = Release|Any CPU
		{7BE1A6DE-EB4C-4070-B224-9E767F21ED77}.Release|Any CPU.Build.0 = Release|Any CPU
		{7BE1A6DE-EB4C-4070-B224-9E767F21ED77}.Release|Any CPU.Deploy.0 = Release|Any CPU
		{7BE1A6DE-EB4C-4070-B224-9E767F21ED77}.Release|iPhone.ActiveCfg = Release|Any CPU
		{7BE1A6DE-EB4C-4070-B224-9E767F21ED77}.Release|iPhone.Build.0 = Release|Any CPU
		{7BE1A6DE-EB4C-4070-B224-9E767F21ED77}.Release|iPhone.Deploy.0 = Release|Any CPU
		{7BE1A6DE-EB4C-4070-B224-9E767F21ED77}.Release|iPhoneSimulator.ActiveCfg = Release|Any CPU
		{7BE1A6DE-EB4C-4070-B224-9E767F21ED77}.Release|iPhoneSimulator.Build.0 = Release|Any CPU
		{7BE1A6DE-EB4C-4070-B224-9E767F21ED77}.Release|iPhoneSimulator.Deploy.0 = Release|Any CPU
		{2A6F98A2-DE43-498D-9630-F26C5C1881CE}.Debug|Any CPU.ActiveCfg = Debug|iPhone
		{2A6F98A2-DE43-498D-9630-F26C5C1881CE}.Debug|iPhone.ActiveCfg = Debug|iPhone
		{2A6F98A2-DE43-498D-9630-F26C5C1881CE}.Debug|iPhone.Build.0 = Debug|iPhone
		{2A6F98A2-DE43-498D-9630-F26C5C1881CE}.Debug|iPhoneSimulator.ActiveCfg = Debug|iPhoneSimulator
		{2A6F98A2-DE43-498D-9630-F26C5C1881CE}.Debug|iPhoneSimulator.Build.0 = Debug|iPhoneSimulator
		{2A6F98A2-DE43-498D-9630-F26C5C1881CE}.Release|Any CPU.ActiveCfg = Release|iPhone
		{2A6F98A2-DE43-498D-9630-F26C5C1881CE}.Release|iPhone.ActiveCfg = Release|iPhone
		{2A6F98A2-DE43-498D-9630-F26C5C1881CE}.Release|iPhone.Build.0 = Release|iPhone
		{2A6F98A2-DE43-498D-9630-F26C5C1881CE}.Release|iPhoneSimulator.ActiveCfg = Release|iPhoneSimulator
		{2A6F98A2-DE43-498D-9630-F26C5C1881CE}.Release|iPhoneSimulator.Build.0 = Release|iPhoneSimulator
		{2A6F98A2-DE43-498D-9630-F26C5C1881CE}.Debug|Any CPU.Build.0 = Debug|iPhone
		{4775B766-6E24-4E8E-B845-C1B827E7E075}.Debug|Any CPU.ActiveCfg = Debug|Any CPU
		{4775B766-6E24-4E8E-B845-C1B827E7E075}.Debug|Any CPU.Build.0 = Debug|Any CPU
		{4775B766-6E24-4E8E-B845-C1B827E7E075}.Debug|iPhone.ActiveCfg = Debug|Any CPU
		{4775B766-6E24-4E8E-B845-C1B827E7E075}.Debug|iPhone.Build.0 = Debug|Any CPU
		{4775B766-6E24-4E8E-B845-C1B827E7E075}.Debug|iPhoneSimulator.ActiveCfg = Debug|Any CPU
		{4775B766-6E24-4E8E-B845-C1B827E7E075}.Debug|iPhoneSimulator.Build.0 = Debug|Any CPU
		{4775B766-6E24-4E8E-B845-C1B827E7E075}.Release|Any CPU.ActiveCfg = Release|Any CPU
		{4775B766-6E24-4E8E-B845-C1B827E7E075}.Release|Any CPU.Build.0 = Release|Any CPU
		{4775B766-6E24-4E8E-B845-C1B827E7E075}.Release|iPhone.ActiveCfg = Release|Any CPU
		{4775B766-6E24-4E8E-B845-C1B827E7E075}.Release|iPhone.Build.0 = Release|Any CPU
		{4775B766-6E24-4E8E-B845-C1B827E7E075}.Release|iPhoneSimulator.ActiveCfg = Release|Any CPU
		{4775B766-6E24-4E8E-B845-C1B827E7E075}.Release|iPhoneSimulator.Build.0 = Release|Any CPU
	EndGlobalSection
	GlobalSection(SolutionProperties) = preSolution
		HideSolutionNode = FALSE
	EndGlobalSection
EndGlobal
